
Microsoft Visual Studio Solution File, Format Version 12.00
# Visual Studio 15
VisualStudioVersion = 15.0.28307.168
MinimumVisualStudioVersion = 10.0.40219.1
Project("{FAE04EC0-301F-11D3-BF4B-00C04F79EFBC}") = "Flower_Shop", "Flower_Shop\Flower_Shop.csproj", "{4EBD5BA8-4D3F-4C84-B148-32B5FA186332}"
EndProject
Global
	GlobalSection(SolutionConfigurationPlatforms) = preSolution
		Debug|Any CPU = Debug|Any CPU
		Release|Any CPU = Release|Any CPU
	EndGlobalSection
	GlobalSection(ProjectConfigurationPlatforms) = postSolution
		{4EBD5BA8-4D3F-4C84-B148-32B5FA186332}.Debug|Any CPU.ActiveCfg = Debug|Any CPU
		{4EBD5BA8-4D3F-4C84-B148-32B5FA186332}.Debug|Any CPU.Build.0 = Debug|Any CPU
		{4EBD5BA8-4D3F-4C84-B148-32B5FA186332}.Release|Any CPU.ActiveCfg = Release|Any CPU
		{4EBD5BA8-4D3F-4C84-B148-32B5FA186332}.Release|Any CPU.Build.0 = Release|Any CPU
	EndGlobalSection
	GlobalSection(SolutionProperties) = preSolution
		HideSolutionNode = FALSE
	EndGlobalSection
	GlobalSection(ExtensibilityGlobals) = postSolution
		SolutionGuid = {3A4FF1A1-27FD-4ADA-8F8D-D9742078877F}
	EndGlobalSection
EndGlobal
